{
    __meta__ = {
        version = "1.0"
    },
    ["macosx|arm64"] = {
        ["PLzmaSDK#f56260b5"] = {
            repo = {
                url = "xmake-packages"
            },
            version = "latest"
        },
        ["abseil 20250512.1#f56260b5"] = {
            repo = {
                branch = "master",
                commit = "a8f7a68f42657ca25e9d870d8c34f09b7e7cc77a",
                url = "https://github.com/xmake-io/xmake-repo.git"
            },
            version = "20250512.1"
        },
        ["cmake#f56260b5"] = {
            repo = {
                branch = "master",
                commit = "a8f7a68f42657ca25e9d870d8c34f09b7e7cc77a",
                url = "https://github.com/xmake-io/xmake-repo.git"
            },
            version = "4.3.4"
        },
        ["cpr#f56260b5"] = {
            repo = {
                branch = "master",
                commit = "a8f7a68f42657ca25e9d870d8c34f09b7e7cc77a",
                url = "https://github.com/xmake-io/xmake-repo.git"
            },
            version = "1.14.2"
        },
        ["eabase#f56260b5"] = {
            repo = {
                branch = "master",
                commit = "a8f7a68f42657ca25e9d870d8c34f09b7e7cc77a",
                url = "https://github.com/xmake-io/xmake-repo.git"
            },
            version = "2.09.12"
        },
        ["eastl#f56260b5"] = {
            repo = {
                branch = "master",
                commit = "a8f7a68f42657ca25e9d870d8c34f09b7e7cc77a",
                url = "https://github.com/xmake-io/xmake-repo.git"
            },
            version = "3.27.01"
        },
        ["inifile-cpp#f56260b5"] = {
            repo = {
                branch = "master",
                commit = "a8f7a68f42657ca25e9d870d8c34f09b7e7cc77a",
                url = "https://github.com/xmake-io/xmake-repo.git"
            },
            version = "2025.02.11"
        },
        ["libcurl#f56260b5"] = {
            repo = {
                url = "xmake-packages"
            },
            version = "8.21.0"
        },
        ["libil2cpp#f56260b5"] = {
            version = "latest"
        },
        ["librsync#f56260b5"] = {
            repo = {
                url = "xmake-packages"
            },
            version = "v2.3.4"
        },
        ["ninja#f56260b5"] = {
            repo = {
                branch = "master",
                commit = "a8f7a68f42657ca25e9d870d8c34f09b7e7cc77a",
                url = "https://github.com/xmake-io/xmake-repo.git"
            },
            version = "v1.13.2"
        },
        ["nlohmann_json#f56260b5"] = {
            repo = {
                branch = "master",
                commit = "a8f7a68f42657ca25e9d870d8c34f09b7e7cc77a",
                url = "https://github.com/xmake-io/xmake-repo.git"
            },
            version = "v3.12.0"
        },
        ["openssl3#f56260b5"] = {
            repo = {
                branch = "master",
                commit = "a8f7a68f42657ca25e9d870d8c34f09b7e7cc77a",
                url = "https://github.com/xmake-io/xmake-repo.git"
            },
            version = "3.6.3"
        },
        ["pkg-config#f56260b5"] = {
            repo = {
                branch = "master",
                commit = "a8f7a68f42657ca25e9d870d8c34f09b7e7cc77a",
                url = "https://github.com/xmake-io/xmake-repo.git"
            },
            version = "latest"
        },
        ["protobuf 35.1#f56260b5"] = {
            repo = {
                url = "xmake-packages"
            },
            version = "35.1"
        },
        ["simdutf#f56260b5"] = {
            repo = {
                branch = "master",
                commit = "a8f7a68f42657ca25e9d870d8c34f09b7e7cc77a",
                url = "https://github.com/xmake-io/xmake-repo.git"
            },
            version = "v8.2.0"
        },
        ["spdlog#f56260b5"] = {
            repo = {
                branch = "master",
                commit = "a8f7a68f42657ca25e9d870d8c34f09b7e7cc77a",
                url = "https://github.com/xmake-io/xmake-repo.git"
            },
            version = "v1.17.0"
        },
        ["spud v0.2.0-5#f56260b5"] = {
            repo = {
                url = "xmake-packages"
            },
            version = "v0.2.0-5"
        },
        ["toml++#f56260b5"] = {
            repo = {
                branch = "master",
                commit = "a8f7a68f42657ca25e9d870d8c34f09b7e7cc77a",
                url = "https://github.com/xmake-io/xmake-repo.git"
            },
            version = "v3.4.0"
        },
        ["zlib#f56260b5"] = {
            repo = {
                branch = "master",
                commit = "a8f7a68f42657ca25e9d870d8c34f09b7e7cc77a",
                url = "https://github.com/xmake-io/xmake-repo.git"
            },
            version = "v1.3.2"
        }
    },
    ["macosx|x86_64"] = {
        ["PLzmaSDK#f56260b5"] = {
            repo = {
                url = "xmake-packages"
            },
            version = "latest"
        },
        ["abseil 20250512.1#f56260b5"] = {
            repo = {
                branch = "master",
                commit = "a8f7a68f42657ca25e9d870d8c34f09b7e7cc77a",
                url = "https://github.com/xmake-io/xmake-repo.git"
            },
            version = "20250512.1"
        },
        ["cmake#f56260b5"] = {
            repo = {
                branch = "master",
                commit = "a8f7a68f42657ca25e9d870d8c34f09b7e7cc77a",
                url = "https://github.com/xmake-io/xmake-repo.git"
            },
            version = "4.3.4"
        },
        ["cpr#f56260b5"] = {
            repo = {
                branch = "master",
                commit = "a8f7a68f42657ca25e9d870d8c34f09b7e7cc77a",
                url = "https://github.com/xmake-io/xmake-repo.git"
            },
            version = "1.14.2"
        },
        ["eabase#f56260b5"] = {
            repo = {
                branch = "master",
                commit = "a8f7a68f42657ca25e9d870d8c34f09b7e7cc77a",
                url = "https://github.com/xmake-io/xmake-repo.git"
            },
            version = "2.09.12"
        },
        ["eastl#f56260b5"] = {
            repo = {
                branch = "master",
                commit = "a8f7a68f42657ca25e9d870d8c34f09b7e7cc77a",
                url = "https://github.com/xmake-io/xmake-repo.git"
            },
            version = "3.27.01"
        },
        ["inifile-cpp#f56260b5"] = {
            repo = {
                branch = "master",
                commit = "a8f7a68f42657ca25e9d870d8c34f09b7e7cc77a",
                url = "https://github.com/xmake-io/xmake-repo.git"
            },
            version = "2025.02.11"
        },
        ["libcurl#f56260b5"] = {
            repo = {
                url = "xmake-packages"
            },
            version = "8.21.0"
        },
        ["libil2cpp#f56260b5"] = {
            version = "latest"
        },
        ["librsync#f56260b5"] = {
            repo = {
                url = "xmake-packages"
            },
            version = "v2.3.4"
        },
        ["ninja#f56260b5"] = {
            repo = {
                branch = "master",
                commit = "a8f7a68f42657ca25e9d870d8c34f09b7e7cc77a",
                url = "https://github.com/xmake-io/xmake-repo.git"
            },
            version = "v1.13.2"
        },
        ["nlohmann_json#f56260b5"] = {
            repo = {
                branch = "master",
                commit = "a8f7a68f42657ca25e9d870d8c34f09b7e7cc77a",
                url = "https://github.com/xmake-io/xmake-repo.git"
            },
            version = "v3.12.0"
        },
        ["openssl3#f56260b5"] = {
            repo = {
                branch = "master",
                commit = "a8f7a68f42657ca25e9d870d8c34f09b7e7cc77a",
                url = "https://github.com/xmake-io/xmake-repo.git"
            },
            version = "3.6.3"
        },
        ["pkg-config#f56260b5"] = {
            repo = {
                branch = "master",
                commit = "a8f7a68f42657ca25e9d870d8c34f09b7e7cc77a",
                url = "https://github.com/xmake-io/xmake-repo.git"
            },
            version = "latest"
        },
        ["protobuf 35.1#f56260b5"] = {
            repo = {
                url = "xmake-packages"
            },
            version = "35.1"
        },
        ["simdutf#f56260b5"] = {
            repo = {
                branch = "master",
                commit = "a8f7a68f42657ca25e9d870d8c34f09b7e7cc77a",
                url = "https://github.com/xmake-io/xmake-repo.git"
            },
            version = "v8.2.0"
        },
        ["spdlog#f56260b5"] = {
            repo = {
                branch = "master",
                commit = "a8f7a68f42657ca25e9d870d8c34f09b7e7cc77a",
                url = "https://github.com/xmake-io/xmake-repo.git"
            },
            version = "v1.17.0"
        },
        ["spud v0.2.0-5#f56260b5"] = {
            repo = {
                url = "xmake-packages"
            },
            version = "v0.2.0-5"
        },
        ["toml++#f56260b5"] = {
            repo = {
                branch = "master",
                commit = "a8f7a68f42657ca25e9d870d8c34f09b7e7cc77a",
                url = "https://github.com/xmake-io/xmake-repo.git"
            },
            version = "v3.4.0"
        },
        ["zlib#f56260b5"] = {
            repo = {
                branch = "master",
                commit = "a8f7a68f42657ca25e9d870d8c34f09b7e7cc77a",
                url = "https://github.com/xmake-io/xmake-repo.git"
            },
            version = "v1.3.2"
        }
    },
    ["windows|x64"] = {
        ["abseil 20250512.1#f56260b5"] = {
            repo = {
                branch = "master",
                commit = "a8f7a68f42657ca25e9d870d8c34f09b7e7cc77a",
                url = "https://github.com/xmake-io/xmake-repo.git"
            },
            version = "20250512.1"
        },
        ["cmake#f56260b5"] = {
            repo = {
                branch = "master",
                commit = "a8f7a68f42657ca25e9d870d8c34f09b7e7cc77a",
                url = "https://github.com/xmake-io/xmake-repo.git"
            },
            version = "4.3.4"
        },
        ["cpr#f56260b5"] = {
            repo = {
                branch = "master",
                commit = "a8f7a68f42657ca25e9d870d8c34f09b7e7cc77a",
                url = "https://github.com/xmake-io/xmake-repo.git"
            },
            version = "1.14.2"
        },
        ["eabase#f56260b5"] = {
            repo = {
                branch = "master",
                commit = "a8f7a68f42657ca25e9d870d8c34f09b7e7cc77a",
                url = "https://github.com/xmake-io/xmake-repo.git"
            },
            version = "2.09.12"
        },
        ["eastl#f56260b5"] = {
            repo = {
                branch = "master",
                commit = "a8f7a68f42657ca25e9d870d8c34f09b7e7cc77a",
                url = "https://github.com/xmake-io/xmake-repo.git"
            },
            version = "3.27.01"
        },
        ["libcurl#f56260b5"] = {
            repo = {
                url = "xmake-packages"
            },
            version = "8.21.0"
        },
        ["libil2cpp#f56260b5"] = {
            version = "latest"
        },
        ["ninja#f56260b5"] = {
            repo = {
                branch = "master",
                commit = "a8f7a68f42657ca25e9d870d8c34f09b7e7cc77a",
                url = "https://github.com/xmake-io/xmake-repo.git"
            },
            version = "v1.13.2"
        },
        ["nlohmann_json#f56260b5"] = {
            repo = {
                branch = "master",
                commit = "a8f7a68f42657ca25e9d870d8c34f09b7e7cc77a",
                url = "https://github.com/xmake-io/xmake-repo.git"
            },
            version = "v3.12.0"
        },
        ["protobuf 35.1#f56260b5"] = {
            repo = {
                url = "xmake-packages"
            },
            version = "35.1"
        },
        ["simdutf#f56260b5"] = {
            repo = {
                branch = "master",
                commit = "a8f7a68f42657ca25e9d870d8c34f09b7e7cc77a",
                url = "https://github.com/xmake-io/xmake-repo.git"
            },
            version = "v8.2.0"
        },
        ["spdlog#f56260b5"] = {
            repo = {
                branch = "master",
                commit = "a8f7a68f42657ca25e9d870d8c34f09b7e7cc77a",
                url = "https://github.com/xmake-io/xmake-repo.git"
            },
            version = "v1.17.0"
        },
        ["spud v0.2.0-5#f56260b5"] = {
            repo = {
                url = "xmake-packages"
            },
            version = "v0.2.0-5"
        },
        ["toml++#f56260b5"] = {
            repo = {
                branch = "master",
                commit = "a8f7a68f42657ca25e9d870d8c34f09b7e7cc77a",
                url = "https://github.com/xmake-io/xmake-repo.git"
            },
            version = "v3.4.0"
        },
        ["zlib#f56260b5"] = {
            repo = {
                branch = "master",
                commit = "a8f7a68f42657ca25e9d870d8c34f09b7e7cc77a",
                url = "https://github.com/xmake-io/xmake-repo.git"
            },
            version = "v1.3.2"
        }
    }
}
